{
  "name": "miniprogram",
  "version": "1.0.0",
  "lockfileVersion": 3,
  "requires": true,
  "packages": {
    "": {
      "name": "miniprogram",
      "version": "1.0.0",
      "license": "ISC",
      "dependencies": {
        "js-sha256": "^0.11.1"
      }
    },
    "node_modules/js-sha256": {
      "version": "0.11.1",
      "resolved": "https://registry.npmjs.org/js-sha256/-/js-sha256-0.11.1.tgz",
      "integrity": "sha512-o6WSo/LUvY2uC4j7mO50a2ms7E/EAdbP0swigLV+nzHKTTaYnaLIWJ02VdXrsJX0vGedDESQnLsOekr94ryfjg==",
      "license": "MIT"
    }
  }
}
